
Microsoft Visual Studio Solution File, Format Version 12.00
# Visual Studio Version 17
VisualStudioVersion = 17.12.35514.174 d17.12
MinimumVisualStudioVersion = 10.0.40219.1
Project("{FAE04EC0-301F-11D3-BF4B-00C04F79EFBC}") = "Job Application Tracker", "Job Application Tracker\Job Application Tracker.csproj", "{8A2CA848-EE08-411C-8A19-569BBBDADC24}"
EndProject
Project("{FAE04EC0-301F-11D3-BF4B-00C04F79EFBC}") = "BLL", "BLL\BLL.csproj", "{C634D86D-DCB6-47BB-AEAB-0AE326994D4E}"
EndProject
Project("{FAE04EC0-301F-11D3-BF4B-00C04F79EFBC}") = "DAL", "DAL\DAL.csproj", "{0FDE28A9-F194-4149-9415-0A8E6DA8140E}"
EndProject
Global
	GlobalSection(SolutionConfigurationPlatforms) = preSolution
		Debug|Any CPU = Debug|Any CPU
		Release|Any CPU = Release|Any CPU
	EndGlobalSection
	GlobalSection(ProjectConfigurationPlatforms) = postSolution
		{8A2CA848-EE08-411C-8A19-569BBBDADC24}.Debug|Any CPU.ActiveCfg = Debug|Any CPU
		{8A2CA848-EE08-411C-8A19-569BBBDADC24}.Debug|Any CPU.Build.0 = Debug|Any CPU
		{8A2CA848-EE08-411C-8A19-569BBBDADC24}.Release|Any CPU.ActiveCfg = Release|Any CPU
		{8A2CA848-EE08-411C-8A19-569BBBDADC24}.Release|Any CPU.Build.0 = Release|Any CPU
		{C634D86D-DCB6-47BB-AEAB-0AE326994D4E}.Debug|Any CPU.ActiveCfg = Debug|Any CPU
		{C634D86D-DCB6-47BB-AEAB-0AE326994D4E}.Debug|Any CPU.Build.0 = Debug|Any CPU
		{C634D86D-DCB6-47BB-AEAB-0AE326994D4E}.Release|Any CPU.ActiveCfg = Release|Any CPU
		{C634D86D-DCB6-47BB-AEAB-0AE326994D4E}.Release|Any CPU.Build.0 = Release|Any CPU
		{0FDE28A9-F194-4149-9415-0A8E6DA8140E}.Debug|Any CPU.ActiveCfg = Debug|Any CPU
		{0FDE28A9-F194-4149-9415-0A8E6DA8140E}.Debug|Any CPU.Build.0 = Debug|Any CPU
		{0FDE28A9-F194-4149-9415-0A8E6DA8140E}.Release|Any CPU.ActiveCfg = Release|Any CPU
		{0FDE28A9-F194-4149-9415-0A8E6DA8140E}.Release|Any CPU.Build.0 = Release|Any CPU
	EndGlobalSection
	GlobalSection(SolutionProperties) = preSolution
		HideSolutionNode = FALSE
	EndGlobalSection
EndGlobal
